
Microsoft Visual Studio Solution File, Format Version 12.00
# Visual Studio Version 17
VisualStudioVersion = 17.0.31912.275
MinimumVisualStudioVersion = 10.0.40219.1
Project("{9A19103F-16F7-4668-BE54-9A1E7A4F7556}") = "SHOPAPP.WEBUI", "SHOPAPP.WEBUI\SHOPAPP.WEBUI.csproj", "{D5B45D2D-B6E6-4C66-BD7E-A851A56123F3}"
EndProject
Project("{FAE04EC0-301F-11D3-BF4B-00C04F79EFBC}") = "SHOPAPP.ENTİTY", "SHOPAPP.ENTİTY\SHOPAPP.ENTİTY.csproj", "{A5A7BA05-D603-4B4F-AAB7-01074E3330DA}"
EndProject
Project("{FAE04EC0-301F-11D3-BF4B-00C04F79EFBC}") = "SHOPAPP.DATA", "SHOPAPP.DATA\SHOPAPP.DATA.csproj", "{93367B69-9344-4F74-8DDF-A15E22627503}"
EndProject
Global
	GlobalSection(SolutionConfigurationPlatforms) = preSolution
		Debug|Any CPU = Debug|Any CPU
		Release|Any CPU = Release|Any CPU
	EndGlobalSection
	GlobalSection(ProjectConfigurationPlatforms) = postSolution
		{D5B45D2D-B6E6-4C66-BD7E-A851A56123F3}.Debug|Any CPU.ActiveCfg = Debug|Any CPU
		{D5B45D2D-B6E6-4C66-BD7E-A851A56123F3}.Debug|Any CPU.Build.0 = Debug|Any CPU
		{D5B45D2D-B6E6-4C66-BD7E-A851A56123F3}.Release|Any CPU.ActiveCfg = Release|Any CPU
		{D5B45D2D-B6E6-4C66-BD7E-A851A56123F3}.Release|Any CPU.Build.0 = Release|Any CPU
		{A5A7BA05-D603-4B4F-AAB7-01074E3330DA}.Debug|Any CPU.ActiveCfg = Debug|Any CPU
		{A5A7BA05-D603-4B4F-AAB7-01074E3330DA}.Debug|Any CPU.Build.0 = Debug|Any CPU
		{A5A7BA05-D603-4B4F-AAB7-01074E3330DA}.Release|Any CPU.ActiveCfg = Release|Any CPU
		{A5A7BA05-D603-4B4F-AAB7-01074E3330DA}.Release|Any CPU.Build.0 = Release|Any CPU
		{93367B69-9344-4F74-8DDF-A15E22627503}.Debug|Any CPU.ActiveCfg = Debug|Any CPU
		{93367B69-9344-4F74-8DDF-A15E22627503}.Debug|Any CPU.Build.0 = Debug|Any CPU
		{93367B69-9344-4F74-8DDF-A15E22627503}.Release|Any CPU.ActiveCfg = Release|Any CPU
		{93367B69-9344-4F74-8DDF-A15E22627503}.Release|Any CPU.Build.0 = Release|Any CPU
	EndGlobalSection
	GlobalSection(SolutionProperties) = preSolution
		HideSolutionNode = FALSE
	EndGlobalSection
	GlobalSection(ExtensibilityGlobals) = postSolution
		SolutionGuid = {2D324718-810E-441E-9081-2AC73FB2ECB8}
	EndGlobalSection
EndGlobal
